
Microsoft Visual Studio Solution File, Format Version 12.00
# Visual Studio Version 16
VisualStudioVersion = 16.0.30907.101
MinimumVisualStudioVersion = 10.0.40219.1
Project("{9A19103F-16F7-4668-BE54-9A1E7A4F7556}") = "DataAccess", "DataAccess\DataAccess.csproj", "{E12F6A33-345C-477D-B707-0D0A4A9EFD83}"
EndProject
Project("{9A19103F-16F7-4668-BE54-9A1E7A4F7556}") = "Business", "Business\Business.csproj", "{B4980238-F1E5-4839-83E4-81B0F43AAEE1}"
EndProject
Project("{9A19103F-16F7-4668-BE54-9A1E7A4F7556}") = "Entities", "Entities\Entities.csproj", "{1EABCB8A-62EA-4032-A30A-294715B5CCEC}"
EndProject
Project("{9A19103F-16F7-4668-BE54-9A1E7A4F7556}") = "ConsoleUI", "ConsoleUI\ConsoleUI.csproj", "{D3DD7C4B-39AD-4F73-9890-C95EDA312893}"
EndProject
Project("{FAE04EC0-301F-11D3-BF4B-00C04F79EFBC}") = "Core", "Core\Core.csproj", "{00D45EA7-F0E5-4B51-AA93-548F39892CF5}"
EndProject
Global
	GlobalSection(SolutionConfigurationPlatforms) = preSolution
		Debug|Any CPU = Debug|Any CPU
		Release|Any CPU = Release|Any CPU
	EndGlobalSection
	GlobalSection(ProjectConfigurationPlatforms) = postSolution
		{E12F6A33-345C-477D-B707-0D0A4A9EFD83}.Debug|Any CPU.ActiveCfg = Debug|Any CPU
		{E12F6A33-345C-477D-B707-0D0A4A9EFD83}.Debug|Any CPU.Build.0 = Debug|Any CPU
		{E12F6A33-345C-477D-B707-0D0A4A9EFD83}.Release|Any CPU.ActiveCfg = Release|Any CPU
		{E12F6A33-345C-477D-B707-0D0A4A9EFD83}.Release|Any CPU.Build.0 = Release|Any CPU
		{B4980238-F1E5-4839-83E4-81B0F43AAEE1}.Debug|Any CPU.ActiveCfg = Debug|Any CPU
		{B4980238-F1E5-4839-83E4-81B0F43AAEE1}.Debug|Any CPU.Build.0 = Debug|Any CPU
		{B4980238-F1E5-4839-83E4-81B0F43AAEE1}.Release|Any CPU.ActiveCfg = Release|Any CPU
		{B4980238-F1E5-4839-83E4-81B0F43AAEE1}.Release|Any CPU.Build.0 = Release|Any CPU
		{1EABCB8A-62EA-4032-A30A-294715B5CCEC}.Debug|Any CPU.ActiveCfg = Debug|Any CPU
		{1EABCB8A-62EA-4032-A30A-294715B5CCEC}.Debug|Any CPU.Build.0 = Debug|Any CPU
		{1EABCB8A-62EA-4032-A30A-294715B5CCEC}.Release|Any CPU.ActiveCfg = Release|Any CPU
		{1EABCB8A-62EA-4032-A30A-294715B5CCEC}.Release|Any CPU.Build.0 = Release|Any CPU
		{D3DD7C4B-39AD-4F73-9890-C95EDA312893}.Debug|Any CPU.ActiveCfg = Debug|Any CPU
		{D3DD7C4B-39AD-4F73-9890-C95EDA312893}.Debug|Any CPU.Build.0 = Debug|Any CPU
		{D3DD7C4B-39AD-4F73-9890-C95EDA312893}.Release|Any CPU.ActiveCfg = Release|Any CPU
		{D3DD7C4B-39AD-4F73-9890-C95EDA312893}.Release|Any CPU.Build.0 = Release|Any CPU
		{00D45EA7-F0E5-4B51-AA93-548F39892CF5}.Debug|Any CPU.ActiveCfg = Debug|Any CPU
		{00D45EA7-F0E5-4B51-AA93-548F39892CF5}.Debug|Any CPU.Build.0 = Debug|Any CPU
		{00D45EA7-F0E5-4B51-AA93-548F39892CF5}.Release|Any CPU.ActiveCfg = Release|Any CPU
		{00D45EA7-F0E5-4B51-AA93-548F39892CF5}.Release|Any CPU.Build.0 = Release|Any CPU
	EndGlobalSection
	GlobalSection(SolutionProperties) = preSolution
		HideSolutionNode = FALSE
	EndGlobalSection
	GlobalSection(ExtensibilityGlobals) = postSolution
		SolutionGuid = {9D075835-6A73-43C9-A446-8916278617F1}
	EndGlobalSection
EndGlobal
